
Microsoft Visual Studio Solution File, Format Version 12.00
# Visual Studio Version 17
VisualStudioVersion = 17.8.34309.116
MinimumVisualStudioVersion = 10.0.40219.1
Project("{9A19103F-16F7-4668-BE54-9A1E7A4F7556}") = "WebApi", "WebApi\WebApi.csproj", "{3EFD4CD9-68C0-4702-BB59-9CD52876467D}"
EndProject
Project("{9A19103F-16F7-4668-BE54-9A1E7A4F7556}") = "WebApi.Client", "WebApi.Client\WebApi.Client.csproj", "{00A874A7-A635-48E3-810F-8166F9569AD4}"
EndProject
Project("{FAE04EC0-301F-11D3-BF4B-00C04F79EFBC}") = "Domain.Library", "Domain.Library\Domain.Library.csproj", "{A741922B-EA2E-4798-B096-6FE8E696F63B}"
EndProject
Project("{FAE04EC0-301F-11D3-BF4B-00C04F79EFBC}") = "Application.Library", "Application.Library\Application.Library.csproj", "{3C9FABC7-96A0-4E6A-992D-C8A0C1E7F519}"
EndProject
Project("{FAE04EC0-301F-11D3-BF4B-00C04F79EFBC}") = "Infrastructure.Library", "Infrastructure.Library\Infrastructure.Library.csproj", "{29685002-091A-4CE3-9A50-5ABB7A1BF886}"
EndProject
Global
	GlobalSection(SolutionConfigurationPlatforms) = preSolution
		Debug|Any CPU = Debug|Any CPU
		Release|Any CPU = Release|Any CPU
	EndGlobalSection
	GlobalSection(ProjectConfigurationPlatforms) = postSolution
		{3EFD4CD9-68C0-4702-BB59-9CD52876467D}.Debug|Any CPU.ActiveCfg = Debug|Any CPU
		{3EFD4CD9-68C0-4702-BB59-9CD52876467D}.Debug|Any CPU.Build.0 = Debug|Any CPU
		{3EFD4CD9-68C0-4702-BB59-9CD52876467D}.Release|Any CPU.ActiveCfg = Release|Any CPU
		{3EFD4CD9-68C0-4702-BB59-9CD52876467D}.Release|Any CPU.Build.0 = Release|Any CPU
		{00A874A7-A635-48E3-810F-8166F9569AD4}.Debug|Any CPU.ActiveCfg = Debug|Any CPU
		{00A874A7-A635-48E3-810F-8166F9569AD4}.Debug|Any CPU.Build.0 = Debug|Any CPU
		{00A874A7-A635-48E3-810F-8166F9569AD4}.Release|Any CPU.ActiveCfg = Release|Any CPU
		{00A874A7-A635-48E3-810F-8166F9569AD4}.Release|Any CPU.Build.0 = Release|Any CPU
		{A741922B-EA2E-4798-B096-6FE8E696F63B}.Debug|Any CPU.ActiveCfg = Debug|Any CPU
		{A741922B-EA2E-4798-B096-6FE8E696F63B}.Debug|Any CPU.Build.0 = Debug|Any CPU
		{A741922B-EA2E-4798-B096-6FE8E696F63B}.Release|Any CPU.ActiveCfg = Release|Any CPU
		{A741922B-EA2E-4798-B096-6FE8E696F63B}.Release|Any CPU.Build.0 = Release|Any CPU
		{3C9FABC7-96A0-4E6A-992D-C8A0C1E7F519}.Debug|Any CPU.ActiveCfg = Debug|Any CPU
		{3C9FABC7-96A0-4E6A-992D-C8A0C1E7F519}.Debug|Any CPU.Build.0 = Debug|Any CPU
		{3C9FABC7-96A0-4E6A-992D-C8A0C1E7F519}.Release|Any CPU.ActiveCfg = Release|Any CPU
		{3C9FABC7-96A0-4E6A-992D-C8A0C1E7F519}.Release|Any CPU.Build.0 = Release|Any CPU
		{29685002-091A-4CE3-9A50-5ABB7A1BF886}.Debug|Any CPU.ActiveCfg = Debug|Any CPU
		{29685002-091A-4CE3-9A50-5ABB7A1BF886}.Debug|Any CPU.Build.0 = Debug|Any CPU
		{29685002-091A-4CE3-9A50-5ABB7A1BF886}.Release|Any CPU.ActiveCfg = Release|Any CPU
		{29685002-091A-4CE3-9A50-5ABB7A1BF886}.Release|Any CPU.Build.0 = Release|Any CPU
	EndGlobalSection
	GlobalSection(SolutionProperties) = preSolution
		HideSolutionNode = FALSE
	EndGlobalSection
	GlobalSection(ExtensibilityGlobals) = postSolution
		SolutionGuid = {A88B2D67-4024-4251-897D-F9EBD0325A4E}
	EndGlobalSection
EndGlobal
